
Microsoft Visual Studio Solution File, Format Version 12.00
# Visual Studio Version 17
VisualStudioVersion = 17.5.002.0
MinimumVisualStudioVersion = 10.0.40219.1
Project("{9A19103F-16F7-4668-BE54-9A1E7A4F7556}") = "Cont_API", "Cont_API.csproj", "{A74213AF-1F90-419A-99C1-15D677CE5419}"
EndProject
Global
	GlobalSection(SolutionConfigurationPlatforms) = preSolution
		Debug|Any CPU = Debug|Any CPU
		Release|Any CPU = Release|Any CPU
	EndGlobalSection
	GlobalSection(ProjectConfigurationPlatforms) = postSolution
		{A74213AF-1F90-419A-99C1-15D677CE5419}.Debug|Any CPU.ActiveCfg = Debug|Any CPU
		{A74213AF-1F90-419A-99C1-15D677CE5419}.Debug|Any CPU.Build.0 = Debug|Any CPU
		{A74213AF-1F90-419A-99C1-15D677CE5419}.Release|Any CPU.ActiveCfg = Release|Any CPU
		{A74213AF-1F90-419A-99C1-15D677CE5419}.Release|Any CPU.Build.0 = Release|Any CPU
	EndGlobalSection
	GlobalSection(SolutionProperties) = preSolution
		HideSolutionNode = FALSE
	EndGlobalSection
	GlobalSection(ExtensibilityGlobals) = postSolution
		SolutionGuid = {575FFF2E-DDCB-4C57-8850-EB1D9A77987A}
	EndGlobalSection
EndGlobal
